
Microsoft Visual Studio Solution File, Format Version 12.00
# Visual Studio Version 16
VisualStudioVersion = 16.0.29613.14
MinimumVisualStudioVersion = 10.0.40219.1
Project("{FAE04EC0-301F-11D3-BF4B-00C04F79EFBC}") = "KidTask", "KidTask\KidTask.csproj", "{90BF6DEB-E1C7-4D4E-945F-0776FBD2A827}"
EndProject
Global
	GlobalSection(SolutionConfigurationPlatforms) = preSolution
		Debug|Any CPU = Debug|Any CPU
		Release|Any CPU = Release|Any CPU
	EndGlobalSection
	GlobalSection(ProjectConfigurationPlatforms) = postSolution
		{90BF6DEB-E1C7-4D4E-945F-0776FBD2A827}.Debug|Any CPU.ActiveCfg = Debug|Any CPU
		{90BF6DEB-E1C7-4D4E-945F-0776FBD2A827}.Debug|Any CPU.Build.0 = Debug|Any CPU
		{90BF6DEB-E1C7-4D4E-945F-0776FBD2A827}.Release|Any CPU.ActiveCfg = Release|Any CPU
		{90BF6DEB-E1C7-4D4E-945F-0776FBD2A827}.Release|Any CPU.Build.0 = Release|Any CPU
	EndGlobalSection
	GlobalSection(SolutionProperties) = preSolution
		HideSolutionNode = FALSE
	EndGlobalSection
	GlobalSection(ExtensibilityGlobals) = postSolution
		SolutionGuid = {61418C60-51CE-49CE-AA4E-17DE1ADDCD5E}
	EndGlobalSection
EndGlobal
